
Microsoft Visual Studio Solution File, Format Version 11.00
# Visual Studio 2010
Project("{FAE04EC0-301F-11D3-BF4B-00C04F79EFBC}") = "nMerge", "nMerge\nMerge.csproj", "{FE8A21AE-EBA4-4957-B1B0-9E05EC9979AA}"
EndProject
Global
	GlobalSection(SolutionConfigurationPlatforms) = preSolution
		Debug|Any CPU = Debug|Any CPU
		Release|Any CPU = Release|Any CPU
	EndGlobalSection
	GlobalSection(ProjectConfigurationPlatforms) = postSolution
		{FE8A21AE-EBA4-4957-B1B0-9E05EC9979AA}.Debug|Any CPU.ActiveCfg = Debug|Any CPU
		{FE8A21AE-EBA4-4957-B1B0-9E05EC9979AA}.Debug|Any CPU.Build.0 = Debug|Any CPU
		{FE8A21AE-EBA4-4957-B1B0-9E05EC9979AA}.Release|Any CPU.ActiveCfg = Release|Any CPU
		{FE8A21AE-EBA4-4957-B1B0-9E05EC9979AA}.Release|Any CPU.Build.0 = Release|Any CPU
	EndGlobalSection
	GlobalSection(SolutionProperties) = preSolution
		HideSolutionNode = FALSE
	EndGlobalSection
EndGlobal
